
Microsoft Visual Studio Solution File, Format Version 12.00
# Visual Studio Version 16
VisualStudioVersion = 16.0.30503.244
MinimumVisualStudioVersion = 10.0.40219.1
Project("{FAE04EC0-301F-11D3-BF4B-00C04F79EFBC}") = "Report_Generator_V1", "Report_Generator_V1\Report_Generator_V1.csproj", "{49093581-9EE7-46CB-8374-BBFB351BE51D}"
EndProject
Global
	GlobalSection(SolutionConfigurationPlatforms) = preSolution
		Debug|Any CPU = Debug|Any CPU
		Release|Any CPU = Release|Any CPU
	EndGlobalSection
	GlobalSection(ProjectConfigurationPlatforms) = postSolution
		{49093581-9EE7-46CB-8374-BBFB351BE51D}.Debug|Any CPU.ActiveCfg = Debug|Any CPU
		{49093581-9EE7-46CB-8374-BBFB351BE51D}.Debug|Any CPU.Build.0 = Debug|Any CPU
		{49093581-9EE7-46CB-8374-BBFB351BE51D}.Release|Any CPU.ActiveCfg = Release|Any CPU
		{49093581-9EE7-46CB-8374-BBFB351BE51D}.Release|Any CPU.Build.0 = Release|Any CPU
	EndGlobalSection
	GlobalSection(SolutionProperties) = preSolution
		HideSolutionNode = FALSE
	EndGlobalSection
	GlobalSection(ExtensibilityGlobals) = postSolution
		SolutionGuid = {65DE678A-52F7-4BF9-9E21-4315B9D18D82}
	EndGlobalSection
EndGlobal
